
Microsoft Visual Studio Solution File, Format Version 12.00
# Visual Studio Version 16
VisualStudioVersion = 16.0.30804.86
MinimumVisualStudioVersion = 10.0.40219.1
Project("{2150E333-8FDC-42A3-9474-1A3956D46DE8}") = "Services", "Services", "{FB06B372-68EA-4585-BA6D-AFAE5F5D937E}"
EndProject
Project("{2150E333-8FDC-42A3-9474-1A3956D46DE8}") = "Catalog", "Catalog", "{498D86B7-9D15-47A2-B62D-41C77053F459}"
EndProject
Project("{9A19103F-16F7-4668-BE54-9A1E7A4F7556}") = "Catalog.API", "Services\Catalog\Catalog.API\Catalog.API.csproj", "{F1DE83CD-7603-4551-BD0A-57DD858B9230}"
EndProject
Project("{E53339B2-1760-4266-BCC7-CA923CBCF16C}") = "docker-compose", "docker-compose.dcproj", "{36B9B7C6-4719-4497-975A-1023E7DDA70F}"
EndProject
Project("{2150E333-8FDC-42A3-9474-1A3956D46DE8}") = "Basket", "Basket", "{1E08B9F7-E964-4C55-A179-2C8BB3B04628}"
EndProject
Project("{FAE04EC0-301F-11D3-BF4B-00C04F79EFBC}") = "Basket.API", "Services\Basket\Basket.API\Basket.API.csproj", "{D99E3A42-961D-4D41-9AD7-B98D9CD6D117}"
EndProject
Global
	GlobalSection(SolutionConfigurationPlatforms) = preSolution
		Debug|Any CPU = Debug|Any CPU
		Release|Any CPU = Release|Any CPU
	EndGlobalSection
	GlobalSection(ProjectConfigurationPlatforms) = postSolution
		{F1DE83CD-7603-4551-BD0A-57DD858B9230}.Debug|Any CPU.ActiveCfg = Debug|Any CPU
		{F1DE83CD-7603-4551-BD0A-57DD858B9230}.Debug|Any CPU.Build.0 = Debug|Any CPU
		{F1DE83CD-7603-4551-BD0A-57DD858B9230}.Release|Any CPU.ActiveCfg = Release|Any CPU
		{F1DE83CD-7603-4551-BD0A-57DD858B9230}.Release|Any CPU.Build.0 = Release|Any CPU
		{36B9B7C6-4719-4497-975A-1023E7DDA70F}.Debug|Any CPU.ActiveCfg = Debug|Any CPU
		{36B9B7C6-4719-4497-975A-1023E7DDA70F}.Debug|Any CPU.Build.0 = Debug|Any CPU
		{36B9B7C6-4719-4497-975A-1023E7DDA70F}.Release|Any CPU.ActiveCfg = Release|Any CPU
		{36B9B7C6-4719-4497-975A-1023E7DDA70F}.Release|Any CPU.Build.0 = Release|Any CPU
		{D99E3A42-961D-4D41-9AD7-B98D9CD6D117}.Debug|Any CPU.ActiveCfg = Debug|Any CPU
		{D99E3A42-961D-4D41-9AD7-B98D9CD6D117}.Debug|Any CPU.Build.0 = Debug|Any CPU
		{D99E3A42-961D-4D41-9AD7-B98D9CD6D117}.Release|Any CPU.ActiveCfg = Release|Any CPU
		{D99E3A42-961D-4D41-9AD7-B98D9CD6D117}.Release|Any CPU.Build.0 = Release|Any CPU
	EndGlobalSection
	GlobalSection(SolutionProperties) = preSolution
		HideSolutionNode = FALSE
	EndGlobalSection
	GlobalSection(NestedProjects) = preSolution
		{498D86B7-9D15-47A2-B62D-41C77053F459} = {FB06B372-68EA-4585-BA6D-AFAE5F5D937E}
		{F1DE83CD-7603-4551-BD0A-57DD858B9230} = {498D86B7-9D15-47A2-B62D-41C77053F459}
		{1E08B9F7-E964-4C55-A179-2C8BB3B04628} = {FB06B372-68EA-4585-BA6D-AFAE5F5D937E}
		{D99E3A42-961D-4D41-9AD7-B98D9CD6D117} = {1E08B9F7-E964-4C55-A179-2C8BB3B04628}
	EndGlobalSection
	GlobalSection(ExtensibilityGlobals) = postSolution
		SolutionGuid = {6EBF7107-C1E7-4022-BF16-A86B0339DA0B}
	EndGlobalSection
EndGlobal
